
Microsoft Visual Studio Solution File, Format Version 12.00
# Visual Studio 2012
Project("{FAE04EC0-301F-11D3-BF4B-00C04F79EFBC}") = "Phoneword", "Phoneword\Phoneword.csproj", "{916EEED0-6CCC-45D1-B811-0D88C0F29638}"
EndProject
Project("{FAE04EC0-301F-11D3-BF4B-00C04F79EFBC}") = "Phoneword.iOS", "iOS\Phoneword.iOS.csproj", "{0830CE52-9965-4614-8EC9-8919562862F4}"
EndProject
Project("{FAE04EC0-301F-11D3-BF4B-00C04F79EFBC}") = "Phoneword.Droid", "Droid\Phoneword.Droid.csproj", "{D600B4DD-4FE0-4C8B-A466-E6662EC44F48}"
EndProject
Global
	GlobalSection(SolutionConfigurationPlatforms) = preSolution
		Debug|Any CPU = Debug|Any CPU
		Release|Any CPU = Release|Any CPU
		Debug|iPhoneSimulator = Debug|iPhoneSimulator
		Release|iPhone = Release|iPhone
		Release|iPhoneSimulator = Release|iPhoneSimulator
		Debug|iPhone = Debug|iPhone
	EndGlobalSection
	GlobalSection(ProjectConfigurationPlatforms) = postSolution
		{916EEED0-6CCC-45D1-B811-0D88C0F29638}.Debug|Any CPU.ActiveCfg = Debug|Any CPU
		{916EEED0-6CCC-45D1-B811-0D88C0F29638}.Debug|Any CPU.Build.0 = Debug|Any CPU
		{916EEED0-6CCC-45D1-B811-0D88C0F29638}.Release|Any CPU.ActiveCfg = Release|Any CPU
		{916EEED0-6CCC-45D1-B811-0D88C0F29638}.Release|Any CPU.Build.0 = Release|Any CPU
		{916EEED0-6CCC-45D1-B811-0D88C0F29638}.Debug|iPhoneSimulator.ActiveCfg = Debug|Any CPU
		{916EEED0-6CCC-45D1-B811-0D88C0F29638}.Debug|iPhoneSimulator.Build.0 = Debug|Any CPU
		{916EEED0-6CCC-45D1-B811-0D88C0F29638}.Release|iPhone.ActiveCfg = Release|Any CPU
		{916EEED0-6CCC-45D1-B811-0D88C0F29638}.Release|iPhone.Build.0 = Release|Any CPU
		{916EEED0-6CCC-45D1-B811-0D88C0F29638}.Release|iPhoneSimulator.ActiveCfg = Release|Any CPU
		{916EEED0-6CCC-45D1-B811-0D88C0F29638}.Release|iPhoneSimulator.Build.0 = Release|Any CPU
		{916EEED0-6CCC-45D1-B811-0D88C0F29638}.Debug|iPhone.ActiveCfg = Debug|Any CPU
		{916EEED0-6CCC-45D1-B811-0D88C0F29638}.Debug|iPhone.Build.0 = Debug|Any CPU
		{0830CE52-9965-4614-8EC9-8919562862F4}.Debug|Any CPU.ActiveCfg = Debug|iPhoneSimulator
		{0830CE52-9965-4614-8EC9-8919562862F4}.Debug|Any CPU.Build.0 = Debug|iPhoneSimulator
		{0830CE52-9965-4614-8EC9-8919562862F4}.Release|Any CPU.ActiveCfg = Release|iPhone
		{0830CE52-9965-4614-8EC9-8919562862F4}.Release|Any CPU.Build.0 = Release|iPhone
		{0830CE52-9965-4614-8EC9-8919562862F4}.Debug|iPhoneSimulator.ActiveCfg = Debug|iPhoneSimulator
		{0830CE52-9965-4614-8EC9-8919562862F4}.Debug|iPhoneSimulator.Build.0 = Debug|iPhoneSimulator
		{0830CE52-9965-4614-8EC9-8919562862F4}.Release|iPhone.ActiveCfg = Release|iPhone
		{0830CE52-9965-4614-8EC9-8919562862F4}.Release|iPhone.Build.0 = Release|iPhone
		{0830CE52-9965-4614-8EC9-8919562862F4}.Release|iPhoneSimulator.ActiveCfg = Release|iPhoneSimulator
		{0830CE52-9965-4614-8EC9-8919562862F4}.Release|iPhoneSimulator.Build.0 = Release|iPhoneSimulator
		{0830CE52-9965-4614-8EC9-8919562862F4}.Debug|iPhone.ActiveCfg = Debug|iPhone
		{0830CE52-9965-4614-8EC9-8919562862F4}.Debug|iPhone.Build.0 = Debug|iPhone
		{D600B4DD-4FE0-4C8B-A466-E6662EC44F48}.Debug|Any CPU.ActiveCfg = Debug|Any CPU
		{D600B4DD-4FE0-4C8B-A466-E6662EC44F48}.Debug|Any CPU.Build.0 = Debug|Any CPU
		{D600B4DD-4FE0-4C8B-A466-E6662EC44F48}.Release|Any CPU.ActiveCfg = Release|Any CPU
		{D600B4DD-4FE0-4C8B-A466-E6662EC44F48}.Release|Any CPU.Build.0 = Release|Any CPU
		{D600B4DD-4FE0-4C8B-A466-E6662EC44F48}.Debug|iPhoneSimulator.ActiveCfg = Debug|Any CPU
		{D600B4DD-4FE0-4C8B-A466-E6662EC44F48}.Debug|iPhoneSimulator.Build.0 = Debug|Any CPU
		{D600B4DD-4FE0-4C8B-A466-E6662EC44F48}.Release|iPhone.ActiveCfg = Release|Any CPU
		{D600B4DD-4FE0-4C8B-A466-E6662EC44F48}.Release|iPhone.Build.0 = Release|Any CPU
		{D600B4DD-4FE0-4C8B-A466-E6662EC44F48}.Release|iPhoneSimulator.ActiveCfg = Release|Any CPU
		{D600B4DD-4FE0-4C8B-A466-E6662EC44F48}.Release|iPhoneSimulator.Build.0 = Release|Any CPU
		{D600B4DD-4FE0-4C8B-A466-E6662EC44F48}.Debug|iPhone.ActiveCfg = Debug|Any CPU
		{D600B4DD-4FE0-4C8B-A466-E6662EC44F48}.Debug|iPhone.Build.0 = Debug|Any CPU
	EndGlobalSection
EndGlobal
